
Microsoft Visual Studio Solution File, Format Version 12.00
# Visual Studio Version 17
VisualStudioVersion = 17.0.31903.59
MinimumVisualStudioVersion = 10.0.40219.1
Project("{FAE04EC0-301F-11D3-BF4B-00C04F79EFBC}") = "ProductivAI-Blazor", "ProductivAI-Blazor\ProductivAI-Blazor.csproj", "{27082DA2-C062-4EED-90CE-3529C70D9360}"
EndProject
Project("{FAE04EC0-301F-11D3-BF4B-00C04F79EFBC}") = "ProductivAI.Server", "ProductivAI.Server\ProductivAI.Server.csproj", "{6D79DC94-5989-46B8-A0E2-A024E3E823F4}"
EndProject
Global
	GlobalSection(SolutionConfigurationPlatforms) = preSolution
		Debug|Any CPU = Debug|Any CPU
		Release|Any CPU = Release|Any CPU
	EndGlobalSection
	GlobalSection(SolutionProperties) = preSolution
		HideSolutionNode = FALSE
	EndGlobalSection
	GlobalSection(ProjectConfigurationPlatforms) = postSolution
		{27082DA2-C062-4EED-90CE-3529C70D9360}.Debug|Any CPU.ActiveCfg = Debug|Any CPU
		{27082DA2-C062-4EED-90CE-3529C70D9360}.Debug|Any CPU.Build.0 = Debug|Any CPU
		{27082DA2-C062-4EED-90CE-3529C70D9360}.Release|Any CPU.ActiveCfg = Release|Any CPU
		{27082DA2-C062-4EED-90CE-3529C70D9360}.Release|Any CPU.Build.0 = Release|Any CPU
		{6D79DC94-5989-46B8-A0E2-A024E3E823F4}.Debug|Any CPU.ActiveCfg = Debug|Any CPU
		{6D79DC94-5989-46B8-A0E2-A024E3E823F4}.Debug|Any CPU.Build.0 = Debug|Any CPU
		{6D79DC94-5989-46B8-A0E2-A024E3E823F4}.Release|Any CPU.ActiveCfg = Release|Any CPU
		{6D79DC94-5989-46B8-A0E2-A024E3E823F4}.Release|Any CPU.Build.0 = Release|Any CPU
	EndGlobalSection
EndGlobal
