
Microsoft Visual Studio Solution File, Format Version 12.00
# Visual Studio Version 17
VisualStudioVersion = 17.10.35004.147
MinimumVisualStudioVersion = 10.0.40219.1
Project("{9A19103F-16F7-4668-BE54-9A1E7A4F7556}") = "ProductivAI", "ProductivAI\ProductivAI.csproj", "{2F1474C7-571C-40A8-8EF9-DDC4B72BD5DC}"
EndProject
Project("{9A19103F-16F7-4668-BE54-9A1E7A4F7556}") = "ProductivAI.Core", "ProductivAI.Core\ProductivAI.Core.csproj", "{27275988-D233-4A97-BEF9-132250311C43}"
EndProject
Project("{9A19103F-16F7-4668-BE54-9A1E7A4F7556}") = "ProductivAI.Application", "ProductivAI.Application\ProductivAI.Application.csproj", "{6BB53DD3-141C-48AA-8E49-96658681235E}"
EndProject
Project("{9A19103F-16F7-4668-BE54-9A1E7A4F7556}") = "ProductivAI.Infrastructure", "ProductivAI.Infrastructure\ProductivAI.Infrastructure.csproj", "{5DCF0C85-5B22-437A-88C0-061F03BB66C0}"
EndProject
Project("{9A19103F-16F7-4668-BE54-9A1E7A4F7556}") = "ProductivAI.AIServices", "ProductivAI.AIServices\ProductivAI.AIServices.csproj", "{D8E641F1-85BA-40C4-BBAB-056A629E46F0}"
EndProject
Global
	GlobalSection(SolutionConfigurationPlatforms) = preSolution
		Debug|Any CPU = Debug|Any CPU
		Release|Any CPU = Release|Any CPU
	EndGlobalSection
	GlobalSection(ProjectConfigurationPlatforms) = postSolution
		{2F1474C7-571C-40A8-8EF9-DDC4B72BD5DC}.Debug|Any CPU.ActiveCfg = Debug|Any CPU
		{2F1474C7-571C-40A8-8EF9-DDC4B72BD5DC}.Debug|Any CPU.Build.0 = Debug|Any CPU
		{2F1474C7-571C-40A8-8EF9-DDC4B72BD5DC}.Release|Any CPU.ActiveCfg = Release|Any CPU
		{2F1474C7-571C-40A8-8EF9-DDC4B72BD5DC}.Release|Any CPU.Build.0 = Release|Any CPU
		{27275988-D233-4A97-BEF9-132250311C43}.Debug|Any CPU.ActiveCfg = Debug|Any CPU
		{27275988-D233-4A97-BEF9-132250311C43}.Debug|Any CPU.Build.0 = Debug|Any CPU
		{27275988-D233-4A97-BEF9-132250311C43}.Release|Any CPU.ActiveCfg = Release|Any CPU
		{27275988-D233-4A97-BEF9-132250311C43}.Release|Any CPU.Build.0 = Release|Any CPU
		{6BB53DD3-141C-48AA-8E49-96658681235E}.Debug|Any CPU.ActiveCfg = Debug|Any CPU
		{6BB53DD3-141C-48AA-8E49-96658681235E}.Debug|Any CPU.Build.0 = Debug|Any CPU
		{6BB53DD3-141C-48AA-8E49-96658681235E}.Release|Any CPU.ActiveCfg = Release|Any CPU
		{6BB53DD3-141C-48AA-8E49-96658681235E}.Release|Any CPU.Build.0 = Release|Any CPU
		{5DCF0C85-5B22-437A-88C0-061F03BB66C0}.Debug|Any CPU.ActiveCfg = Debug|Any CPU
		{5DCF0C85-5B22-437A-88C0-061F03BB66C0}.Debug|Any CPU.Build.0 = Debug|Any CPU
		{5DCF0C85-5B22-437A-88C0-061F03BB66C0}.Release|Any CPU.ActiveCfg = Release|Any CPU
		{5DCF0C85-5B22-437A-88C0-061F03BB66C0}.Release|Any CPU.Build.0 = Release|Any CPU
		{D8E641F1-85BA-40C4-BBAB-056A629E46F0}.Debug|Any CPU.ActiveCfg = Debug|Any CPU
		{D8E641F1-85BA-40C4-BBAB-056A629E46F0}.Debug|Any CPU.Build.0 = Debug|Any CPU
		{D8E641F1-85BA-40C4-BBAB-056A629E46F0}.Release|Any CPU.ActiveCfg = Release|Any CPU
		{D8E641F1-85BA-40C4-BBAB-056A629E46F0}.Release|Any CPU.Build.0 = Release|Any CPU
	EndGlobalSection
	GlobalSection(SolutionProperties) = preSolution
		HideSolutionNode = FALSE
	EndGlobalSection
	GlobalSection(ExtensibilityGlobals) = postSolution
		SolutionGuid = {DFA7CC1F-0A79-4443-A6FA-BD130251DCDB}
	EndGlobalSection
EndGlobal
